
Microsoft Visual Studio Solution File, Format Version 12.00
# Visual Studio 15
VisualStudioVersion = 15.0.26430.13
MinimumVisualStudioVersion = 10.0.40219.1
Project("{FAE04EC0-301F-11D3-BF4B-00C04F79EFBC}") = "01.Animals", "01.Animals\01.Animals.csproj", "{263890B6-96D3-4D1C-8422-E90B8D11B6EE}"
EndProject
Project("{FAE04EC0-301F-11D3-BF4B-00C04F79EFBC}") = "02.RandomList", "02.RandomList\02.RandomList.csproj", "{67E81A01-A568-4D6B-B1F6-85E2A9E0A83E}"
EndProject
Project("{FAE04EC0-301F-11D3-BF4B-00C04F79EFBC}") = "03.StackOfStrings", "03.StackOfStrings\03.StackOfStrings.csproj", "{057A6A15-906D-4B42-804A-E898DE368806}"
EndProject
Global
	GlobalSection(SolutionConfigurationPlatforms) = preSolution
		Debug|Any CPU = Debug|Any CPU
		Release|Any CPU = Release|Any CPU
	EndGlobalSection
	GlobalSection(ProjectConfigurationPlatforms) = postSolution
		{263890B6-96D3-4D1C-8422-E90B8D11B6EE}.Debug|Any CPU.ActiveCfg = Debug|Any CPU
		{263890B6-96D3-4D1C-8422-E90B8D11B6EE}.Debug|Any CPU.Build.0 = Debug|Any CPU
		{263890B6-96D3-4D1C-8422-E90B8D11B6EE}.Release|Any CPU.ActiveCfg = Release|Any CPU
		{263890B6-96D3-4D1C-8422-E90B8D11B6EE}.Release|Any CPU.Build.0 = Release|Any CPU
		{67E81A01-A568-4D6B-B1F6-85E2A9E0A83E}.Debug|Any CPU.ActiveCfg = Debug|Any CPU
		{67E81A01-A568-4D6B-B1F6-85E2A9E0A83E}.Debug|Any CPU.Build.0 = Debug|Any CPU
		{67E81A01-A568-4D6B-B1F6-85E2A9E0A83E}.Release|Any CPU.ActiveCfg = Release|Any CPU
		{67E81A01-A568-4D6B-B1F6-85E2A9E0A83E}.Release|Any CPU.Build.0 = Release|Any CPU
		{057A6A15-906D-4B42-804A-E898DE368806}.Debug|Any CPU.ActiveCfg = Debug|Any CPU
		{057A6A15-906D-4B42-804A-E898DE368806}.Debug|Any CPU.Build.0 = Debug|Any CPU
		{057A6A15-906D-4B42-804A-E898DE368806}.Release|Any CPU.ActiveCfg = Release|Any CPU
		{057A6A15-906D-4B42-804A-E898DE368806}.Release|Any CPU.Build.0 = Release|Any CPU
	EndGlobalSection
	GlobalSection(SolutionProperties) = preSolution
		HideSolutionNode = FALSE
	EndGlobalSection
EndGlobal
